
Microsoft Visual Studio Solution File, Format Version 12.00
# Visual Studio Version 17
VisualStudioVersion = 17.14.36310.24 d17.14
MinimumVisualStudioVersion = 10.0.40219.1
Project("{FAE04EC0-301F-11D3-BF4B-00C04F79EFBC}") = "adonetPastaneProje", "adonetPastaneProje\adonetPastaneProje.csproj", "{1A507019-2F31-4ED1-97E0-F77844E56BBA}"
EndProject
Global
	GlobalSection(SolutionConfigurationPlatforms) = preSolution
		Debug|Any CPU = Debug|Any CPU
		Release|Any CPU = Release|Any CPU
	EndGlobalSection
	GlobalSection(ProjectConfigurationPlatforms) = postSolution
		{1A507019-2F31-4ED1-97E0-F77844E56BBA}.Debug|Any CPU.ActiveCfg = Debug|Any CPU
		{1A507019-2F31-4ED1-97E0-F77844E56BBA}.Debug|Any CPU.Build.0 = Debug|Any CPU
		{1A507019-2F31-4ED1-97E0-F77844E56BBA}.Release|Any CPU.ActiveCfg = Release|Any CPU
		{1A507019-2F31-4ED1-97E0-F77844E56BBA}.Release|Any CPU.Build.0 = Release|Any CPU
	EndGlobalSection
	GlobalSection(SolutionProperties) = preSolution
		HideSolutionNode = FALSE
	EndGlobalSection
	GlobalSection(ExtensibilityGlobals) = postSolution
		SolutionGuid = {7052CD33-7004-4348-A2B3-025F531C2620}
	EndGlobalSection
EndGlobal
