
Microsoft Visual Studio Solution File, Format Version 12.00
# Visual Studio Version 17
VisualStudioVersion = 17.0.31903.59
MinimumVisualStudioVersion = 10.0.40219.1
Project("{FAE04EC0-301F-11D3-BF4B-00C04F79EFBC}") = "ogrenciyonetimi_proje", "ogrenciyonetimi_proje\ogrenciyonetimi_proje.csproj", "{133A6A20-E5E5-4753-B58A-321244573648}"
EndProject
Project("{FAE04EC0-301F-11D3-BF4B-00C04F79EFBC}") = "ogrenciyonetimi_mvc", "ogrenciyonetimi_mvc\ogrenciyonetimi_mvc.csproj", "{348716F5-BF89-48B0-A0B9-47E405930E87}"
EndProject
Global
	GlobalSection(SolutionConfigurationPlatforms) = preSolution
		Debug|Any CPU = Debug|Any CPU
		Debug|x64 = Debug|x64
		Debug|x86 = Debug|x86
		Release|Any CPU = Release|Any CPU
		Release|x64 = Release|x64
		Release|x86 = Release|x86
	EndGlobalSection
	GlobalSection(ProjectConfigurationPlatforms) = postSolution
		{133A6A20-E5E5-4753-B58A-321244573648}.Debug|Any CPU.ActiveCfg = Debug|Any CPU
		{133A6A20-E5E5-4753-B58A-321244573648}.Debug|Any CPU.Build.0 = Debug|Any CPU
		{133A6A20-E5E5-4753-B58A-321244573648}.Debug|x64.ActiveCfg = Debug|Any CPU
		{133A6A20-E5E5-4753-B58A-321244573648}.Debug|x64.Build.0 = Debug|Any CPU
		{133A6A20-E5E5-4753-B58A-321244573648}.Debug|x86.ActiveCfg = Debug|Any CPU
		{133A6A20-E5E5-4753-B58A-321244573648}.Debug|x86.Build.0 = Debug|Any CPU
		{133A6A20-E5E5-4753-B58A-321244573648}.Release|Any CPU.ActiveCfg = Release|Any CPU
		{133A6A20-E5E5-4753-B58A-321244573648}.Release|Any CPU.Build.0 = Release|Any CPU
		{133A6A20-E5E5-4753-B58A-321244573648}.Release|x64.ActiveCfg = Release|Any CPU
		{133A6A20-E5E5-4753-B58A-321244573648}.Release|x64.Build.0 = Release|Any CPU
		{133A6A20-E5E5-4753-B58A-321244573648}.Release|x86.ActiveCfg = Release|Any CPU
		{133A6A20-E5E5-4753-B58A-321244573648}.Release|x86.Build.0 = Release|Any CPU
		{348716F5-BF89-48B0-A0B9-47E405930E87}.Debug|Any CPU.ActiveCfg = Debug|Any CPU
		{348716F5-BF89-48B0-A0B9-47E405930E87}.Debug|Any CPU.Build.0 = Debug|Any CPU
		{348716F5-BF89-48B0-A0B9-47E405930E87}.Debug|x64.ActiveCfg = Debug|Any CPU
		{348716F5-BF89-48B0-A0B9-47E405930E87}.Debug|x64.Build.0 = Debug|Any CPU
		{348716F5-BF89-48B0-A0B9-47E405930E87}.Debug|x86.ActiveCfg = Debug|Any CPU
		{348716F5-BF89-48B0-A0B9-47E405930E87}.Debug|x86.Build.0 = Debug|Any CPU
		{348716F5-BF89-48B0-A0B9-47E405930E87}.Release|Any CPU.ActiveCfg = Release|Any CPU
		{348716F5-BF89-48B0-A0B9-47E405930E87}.Release|Any CPU.Build.0 = Release|Any CPU
		{348716F5-BF89-48B0-A0B9-47E405930E87}.Release|x64.ActiveCfg = Release|Any CPU
		{348716F5-BF89-48B0-A0B9-47E405930E87}.Release|x64.Build.0 = Release|Any CPU
		{348716F5-BF89-48B0-A0B9-47E405930E87}.Release|x86.ActiveCfg = Release|Any CPU
		{348716F5-BF89-48B0-A0B9-47E405930E87}.Release|x86.Build.0 = Release|Any CPU
	EndGlobalSection
	GlobalSection(SolutionProperties) = preSolution
		HideSolutionNode = FALSE
	EndGlobalSection
EndGlobal
